{
    "format_version": "1.2",
    "terraform_version": "1.9.2",
    "variables": {
        "app_service_name": {
            "value": "terraform-demo-mel-01"
        },
        "app_service_plan_name": {
            "value": "my-appserviceplan"
        },
        "resource_group_location": {
            "value": "West Europe"
        },
        "resource_group_name": {
            "value": "My_Terraform_RG"
        }
    },
    "planned_values": {
        "outputs": {
            "webapp_ips": {
                "sensitive": false
            },
            "webapp_url": {
                "sensitive": false
            }
        },
        "root_module": {
            "resources": [
                {
                    "address": "azurerm_app_service.webapp",
                    "mode": "managed",
                    "type": "azurerm_app_service",
                    "name": "webapp",
                    "provider_name": "registry.terraform.io/hashicorp/azurerm",
                    "schema_version": 0,
                    "values": {
                        "app_service_plan_id": "/subscriptions/61375121-a3cf-40d6-be22-0d1039870663/resourceGroups/My_Terraform_RG/providers/Microsoft.Web/serverFarms/my-appserviceplan",
                        "app_settings": {
                            "SOME_KEY": "some-value"
                        },
                        "backup": [],
                        "client_affinity_enabled": false,
                        "client_cert_enabled": false,
                        "connection_string": [
                            {
                                "name": "Database",
                                "type": "SQLServer",
                                "value": "Server=some-server.mydomain.com;Integrated Security=SSPI"
                            }
                        ],
                        "enabled": true,
                        "https_only": false,
                        "identity": [],
                        "location": "westeurope",
                        "name": "terraform-demo-mel-01",
                        "resource_group_name": "My_Terraform_RG",
                        "site_config": [
                            {
                                "acr_use_managed_identity_credentials": false,
                                "acr_user_managed_identity_client_id": null,
                                "always_on": false,
                                "app_command_line": null,
                                "auto_swap_slot_name": null,
                                "default_documents": null,
                                "dotnet_framework_version": "v4.0",
                                "health_check_path": null,
                                "http2_enabled": false,
                                "java_container": null,
                                "java_container_version": null,
                                "java_version": null,
                                "php_version": null,
                                "python_version": null,
                                "remote_debugging_enabled": false,
                                "scm_type": "LocalGit",
                                "scm_use_main_ip_restriction": false,
                                "use_32_bit_worker_process": null
                            }
                        ],
                        "tags": null,
                        "timeouts": null
                    },
                    "sensitive_values": {
                        "app_settings": {},
                        "auth_settings": [],
                        "backup": [],
                        "connection_string": [
                            {}
                        ],
                        "identity": [],
                        "logs": [],
                        "outbound_ip_address_list": [],
                        "possible_outbound_ip_address_list": [],
                        "site_config": [
                            {
                                "cors": [],
                                "ip_restriction": [],
                                "scm_ip_restriction": []
                            }
                        ],
                        "site_credential": [],
                        "source_control": [],
                        "storage_account": []
                    }
                },
                {
                    "address": "azurerm_app_service_plan.app_plan",
                    "mode": "managed",
                    "type": "azurerm_app_service_plan",
                    "name": "app_plan",
                    "provider_name": "registry.terraform.io/hashicorp/azurerm",
                    "schema_version": 1,
                    "values": {
                        "app_service_environment_id": "",
                        "id": "/subscriptions/61375121-a3cf-40d6-be22-0d1039870663/resourceGroups/My_Terraform_RG/providers/Microsoft.Web/serverFarms/my-appserviceplan",
                        "is_xenon": false,
                        "kind": "Windows",
                        "location": "westeurope",
                        "maximum_elastic_worker_count": 1,
                        "maximum_number_of_workers": 10,
                        "name": "my-appserviceplan",
                        "per_site_scaling": false,
                        "reserved": false,
                        "resource_group_name": "My_Terraform_RG",
                        "sku": [
                            {
                                "capacity": 1,
                                "size": "S1",
                                "tier": "Standard"
                            }
                        ],
                        "tags": {},
                        "timeouts": null,
                        "zone_redundant": false
                    },
                    "sensitive_values": {
                        "sku": [
                            {}
                        ],
                        "tags": {}
                    }
                },
                {
                    "address": "azurerm_resource_group.rg",
                    "mode": "managed",
                    "type": "azurerm_resource_group",
                    "name": "rg",
                    "provider_name": "registry.terraform.io/hashicorp/azurerm",
                    "schema_version": 0,
                    "values": {
                        "id": "/subscriptions/61375121-a3cf-40d6-be22-0d1039870663/resourceGroups/My_Terraform_RG",
                        "location": "westeurope",
                        "managed_by": "",
                        "name": "My_Terraform_RG",
                        "tags": {},
                        "timeouts": null
                    },
                    "sensitive_values": {
                        "tags": {}
                    }
                }
            ]
        }
    },
    "resource_drift": [
        {
            "address": "azurerm_app_service.webapp",
            "mode": "managed",
            "type": "azurerm_app_service",
            "name": "webapp",
            "provider_name": "registry.terraform.io/hashicorp/azurerm",
            "change": {
                "actions": [
                    "update"
                ],
                "before": {
                    "app_service_plan_id": "/subscriptions/61375121-a3cf-40d6-be22-0d1039870663/resourceGroups/My_Terraform_RG/providers/Microsoft.Web/serverFarms/my-appserviceplan",
                    "app_settings": {
                        "SOME_KEY": "some-value"
                    },
                    "auth_settings": [
                        {
                            "active_directory": [],
                            "additional_login_params": {},
                            "allowed_external_redirect_urls": [],
                            "default_provider": "",
                            "enabled": false,
                            "facebook": [],
                            "google": [],
                            "issuer": "",
                            "microsoft": [],
                            "runtime_version": "",
                            "token_refresh_extension_hours": 0,
                            "token_store_enabled": false,
                            "twitter": [],
                            "unauthenticated_client_action": ""
                        }
                    ],
                    "backup": [],
                    "client_affinity_enabled": false,
                    "client_cert_enabled": false,
                    "client_cert_mode": "Required",
                    "connection_string": [
                        {
                            "name": "Database",
                            "type": "SQLServer",
                            "value": "Server=some-server.mydomain.com;Integrated Security=SSPI"
                        }
                    ],
                    "custom_domain_verification_id": "A413CCDCDBCFE5051ABB370D0BF35DD31C5FF4C2814EF09A6421D94A76961E92",
                    "default_site_hostname": "terraform-demo-mel.azurewebsites.net",
                    "enabled": true,
                    "https_only": false,
                    "id": "/subscriptions/61375121-a3cf-40d6-be22-0d1039870663/resourceGroups/My_Terraform_RG/providers/Microsoft.Web/sites/terraform-demo-mel",
                    "identity": [],
                    "key_vault_reference_identity_id": "SystemAssigned",
                    "location": "westeurope",
                    "logs": [
                        {
                            "application_logs": [
                                {
                                    "azure_blob_storage": [],
                                    "file_system_level": "Off"
                                }
                            ],
                            "detailed_error_messages_enabled": false,
                            "failed_request_tracing_enabled": false,
                            "http_logs": [
                                {
                                    "azure_blob_storage": [],
                                    "file_system": []
                                }
                            ]
                        }
                    ],
                    "name": "terraform-demo-mel",
                    "outbound_ip_address_list": [
                        "20.71.75.100",
                        "20.71.75.133",
                        "20.71.75.198",
                        "20.71.75.237",
                        "20.71.76.1",
                        "20.71.76.23",
                        "20.50.2.26"
                    ],
                    "outbound_ip_addresses": "20.71.75.100,20.71.75.133,20.71.75.198,20.71.75.237,20.71.76.1,20.71.76.23,20.50.2.26",
                    "possible_outbound_ip_address_list": [
                        "20.71.75.100",
                        "20.71.75.133",
                        "20.71.75.198",
                        "20.71.75.237",
                        "20.71.76.1",
                        "20.71.76.23",
                        "20.71.76.57",
                        "20.71.76.171",
                        "20.71.76.196",
                        "20.71.77.10",
                        "20.71.77.83",
                        "20.71.77.134",
                        "20.71.77.205",
                        "20.71.78.20",
                        "20.71.78.208",
                        "20.71.78.243",
                        "20.71.79.77",
                        "20.71.79.165",
                        "20.71.79.228",
                        "20.73.232.14",
                        "20.73.232.51",
                        "20.73.232.121",
                        "20.73.232.130",
                        "20.73.232.163",
                        "20.73.232.186",
                        "20.73.232.217",
                        "20.73.232.241",
                        "20.73.132.133",
                        "20.73.132.167",
                        "20.73.133.173",
                        "20.50.2.26"
                    ],
                    "possible_outbound_ip_addresses": "20.71.75.100,20.71.75.133,20.71.75.198,20.71.75.237,20.71.76.1,20.71.76.23,20.71.76.57,20.71.76.171,20.71.76.196,20.71.77.10,20.71.77.83,20.71.77.134,20.71.77.205,20.71.78.20,20.71.78.208,20.71.78.243,20.71.79.77,20.71.79.165,20.71.79.228,20.73.232.14,20.73.232.51,20.73.232.121,20.73.232.130,20.73.232.163,20.73.232.186,20.73.232.217,20.73.232.241,20.73.132.133,20.73.132.167,20.73.133.173,20.50.2.26",
                    "resource_group_name": "My_Terraform_RG",
                    "site_config": [
                        {
                            "acr_use_managed_identity_credentials": false,
                            "acr_user_managed_identity_client_id": "",
                            "always_on": false,
                            "app_command_line": "",
                            "auto_swap_slot_name": "",
                            "cors": [
                                {
                                    "allowed_origins": [],
                                    "support_credentials": false
                                }
                            ],
                            "default_documents": null,
                            "dotnet_framework_version": "v4.0",
                            "ftps_state": "FtpsOnly",
                            "health_check_path": "",
                            "http2_enabled": false,
                            "ip_restriction": [],
                            "java_container": "",
                            "java_container_version": "",
                            "java_version": "",
                            "linux_fx_version": "",
                            "local_mysql_enabled": false,
                            "managed_pipeline_mode": "Integrated",
                            "min_tls_version": "1.2",
                            "number_of_workers": 1,
                            "php_version": "",
                            "python_version": "",
                            "remote_debugging_enabled": false,
                            "remote_debugging_version": "VS2022",
                            "scm_ip_restriction": [],
                            "scm_type": "LocalGit",
                            "scm_use_main_ip_restriction": false,
                            "use_32_bit_worker_process": false,
                            "vnet_route_all_enabled": false,
                            "websockets_enabled": false,
                            "windows_fx_version": ""
                        }
                    ],
                    "site_credential": [
                        {
                            "password": "oLzMlfaAkR5dEvpcb0x827XvZiWjhlAKlQRes5jWkpND4fZdHBuEuBeuPe1Q",
                            "username": "$terraform-demo-mel"
                        }
                    ],
                    "source_control": [
                        {
                            "branch": "main",
                            "manual_integration": false,
                            "repo_url": "https://terraform-demo-mel.scm.azurewebsites.net",
                            "rollback_enabled": false,
                            "use_mercurial": false
                        }
                    ],
                    "storage_account": [],
                    "tags": null,
                    "timeouts": null
                },
                "after": {
                    "app_service_plan_id": "/subscriptions/61375121-a3cf-40d6-be22-0d1039870663/resourceGroups/My_Terraform_RG/providers/Microsoft.Web/serverFarms/my-appserviceplan",
                    "app_settings": {
                        "SOME_KEY": "some-value"
                    },
                    "auth_settings": [
                        {
                            "active_directory": [],
                            "additional_login_params": {},
                            "allowed_external_redirect_urls": [],
                            "default_provider": "",
                            "enabled": false,
                            "facebook": [],
                            "google": [],
                            "issuer": "",
                            "microsoft": [],
                            "runtime_version": "",
                            "token_refresh_extension_hours": 0,
                            "token_store_enabled": false,
                            "twitter": [],
                            "unauthenticated_client_action": ""
                        }
                    ],
                    "backup": [],
                    "client_affinity_enabled": false,
                    "client_cert_enabled": false,
                    "client_cert_mode": "Required",
                    "connection_string": [
                        {
                            "name": "Database",
                            "type": "SQLServer",
                            "value": "Server=some-server.mydomain.com;Integrated Security=SSPI"
                        }
                    ],
                    "custom_domain_verification_id": "A413CCDCDBCFE5051ABB370D0BF35DD31C5FF4C2814EF09A6421D94A76961E92",
                    "default_site_hostname": "terraform-demo-mel.azurewebsites.net",
                    "enabled": true,
                    "https_only": false,
                    "id": "/subscriptions/61375121-a3cf-40d6-be22-0d1039870663/resourceGroups/My_Terraform_RG/providers/Microsoft.Web/sites/terraform-demo-mel",
                    "identity": [],
                    "key_vault_reference_identity_id": "SystemAssigned",
                    "location": "westeurope",
                    "logs": [
                        {
                            "application_logs": [
                                {
                                    "azure_blob_storage": [],
                                    "file_system_level": "Off"
                                }
                            ],
                            "detailed_error_messages_enabled": false,
                            "failed_request_tracing_enabled": false,
                            "http_logs": [
                                {
                                    "azure_blob_storage": [],
                                    "file_system": []
                                }
                            ]
                        }
                    ],
                    "name": "terraform-demo-mel",
                    "outbound_ip_address_list": [
                        "20.71.75.100",
                        "20.71.75.133",
                        "20.71.75.198",
                        "20.71.75.237",
                        "20.71.76.1",
                        "20.71.76.23",
                        "20.50.2.26"
                    ],
                    "outbound_ip_addresses": "20.71.75.100,20.71.75.133,20.71.75.198,20.71.75.237,20.71.76.1,20.71.76.23,20.50.2.26",
                    "possible_outbound_ip_address_list": [
                        "20.71.75.100",
                        "20.71.75.133",
                        "20.71.75.198",
                        "20.71.75.237",
                        "20.71.76.1",
                        "20.71.76.23",
                        "20.71.76.57",
                        "20.71.76.171",
                        "20.71.76.196",
                        "20.71.77.10",
                        "20.71.77.83",
                        "20.71.77.134",
                        "20.71.77.205",
                        "20.71.78.20",
                        "20.71.78.208",
                        "20.71.78.243",
                        "20.71.79.77",
                        "20.71.79.165",
                        "20.71.79.228",
                        "20.73.232.14",
                        "20.73.232.51",
                        "20.73.232.121",
                        "20.73.232.130",
                        "20.73.232.163",
                        "20.73.232.186",
                        "20.73.232.217",
                        "20.73.232.241",
                        "20.73.132.133",
                        "20.73.132.167",
                        "20.73.133.173",
                        "20.50.2.26"
                    ],
                    "possible_outbound_ip_addresses": "20.71.75.100,20.71.75.133,20.71.75.198,20.71.75.237,20.71.76.1,20.71.76.23,20.71.76.57,20.71.76.171,20.71.76.196,20.71.77.10,20.71.77.83,20.71.77.134,20.71.77.205,20.71.78.20,20.71.78.208,20.71.78.243,20.71.79.77,20.71.79.165,20.71.79.228,20.73.232.14,20.73.232.51,20.73.232.121,20.73.232.130,20.73.232.163,20.73.232.186,20.73.232.217,20.73.232.241,20.73.132.133,20.73.132.167,20.73.133.173,20.50.2.26",
                    "resource_group_name": "My_Terraform_RG",
                    "site_config": [
                        {
                            "acr_use_managed_identity_credentials": false,
                            "acr_user_managed_identity_client_id": "",
                            "always_on": false,
                            "app_command_line": "",
                            "auto_swap_slot_name": "",
                            "cors": [
                                {
                                    "allowed_origins": [],
                                    "support_credentials": false
                                }
                            ],
                            "default_documents": [],
                            "dotnet_framework_version": "v4.0",
                            "ftps_state": "FtpsOnly",
                            "health_check_path": "",
                            "http2_enabled": false,
                            "ip_restriction": [],
                            "java_container": "",
                            "java_container_version": "",
                            "java_version": "",
                            "linux_fx_version": "",
                            "local_mysql_enabled": false,
                            "managed_pipeline_mode": "Integrated",
                            "min_tls_version": "1.2",
                            "number_of_workers": 1,
                            "php_version": "",
                            "python_version": "",
                            "remote_debugging_enabled": false,
                            "remote_debugging_version": "VS2022",
                            "scm_ip_restriction": [],
                            "scm_type": "LocalGit",
                            "scm_use_main_ip_restriction": false,
                            "use_32_bit_worker_process": false,
                            "vnet_route_all_enabled": false,
                            "websockets_enabled": false,
                            "windows_fx_version": ""
                        }
                    ],
                    "site_credential": [
                        {
                            "password": "oLzMlfaAkR5dEvpcb0x827XvZiWjhlAKlQRes5jWkpND4fZdHBuEuBeuPe1Q",
                            "username": "$terraform-demo-mel"
                        }
                    ],
                    "source_control": [
                        {
                            "branch": "main",
                            "manual_integration": false,
                            "repo_url": "https://terraform-demo-mel.scm.azurewebsites.net",
                            "rollback_enabled": false,
                            "use_mercurial": false
                        }
                    ],
                    "storage_account": [],
                    "tags": {},
                    "timeouts": null
                },
                "after_unknown": {},
                "before_sensitive": {
                    "app_settings": {},
                    "auth_settings": [
                        {
                            "active_directory": [],
                            "additional_login_params": {},
                            "allowed_external_redirect_urls": [],
                            "facebook": [],
                            "google": [],
                            "microsoft": [],
                            "twitter": []
                        }
                    ],
                    "backup": [],
                    "connection_string": true,
                    "identity": [],
                    "logs": [
                        {
                            "application_logs": [
                                {
                                    "azure_blob_storage": []
                                }
                            ],
                            "http_logs": [
                                {
                                    "azure_blob_storage": [],
                                    "file_system": []
                                }
                            ]
                        }
                    ],
                    "outbound_ip_address_list": [
                        false,
                        false,
                        false,
                        false,
                        false,
                        false,
                        false
                    ],
                    "possible_outbound_ip_address_list": [
                        false,
                        false,
                        false,
                        false,
                        false,
                        false,
                        false,
                        false,
                        false,
                        false,
                        false,
                        false,
                        false,
                        false,
                        false,
                        false,
                        false,
                        false,
                        false,
                        false,
                        false,
                        false,
                        false,
                        false,
                        false,
                        false,
                        false,
                        false,
                        false,
                        false,
                        false
                    ],
                    "site_config": [
                        {
                            "cors": [
                                {
                                    "allowed_origins": []
                                }
                            ],
                            "ip_restriction": [],
                            "scm_ip_restriction": []
                        }
                    ],
                    "site_credential": [
                        {}
                    ],
                    "source_control": [
                        {}
                    ],
                    "storage_account": []
                },
                "after_sensitive": {
                    "app_settings": {},
                    "auth_settings": [
                        {
                            "active_directory": [],
                            "additional_login_params": {},
                            "allowed_external_redirect_urls": [],
                            "facebook": [],
                            "google": [],
                            "microsoft": [],
                            "twitter": []
                        }
                    ],
                    "backup": [],
                    "connection_string": true,
                    "identity": [],
                    "logs": [
                        {
                            "application_logs": [
                                {
                                    "azure_blob_storage": []
                                }
                            ],
                            "http_logs": [
                                {
                                    "azure_blob_storage": [],
                                    "file_system": []
                                }
                            ]
                        }
                    ],
                    "outbound_ip_address_list": [
                        false,
                        false,
                        false,
                        false,
                        false,
                        false,
                        false
                    ],
                    "possible_outbound_ip_address_list": [
                        false,
                        false,
                        false,
                        false,
                        false,
                        false,
                        false,
                        false,
                        false,
                        false,
                        false,
                        false,
                        false,
                        false,
                        false,
                        false,
                        false,
                        false,
                        false,
                        false,
                        false,
                        false,
                        false,
                        false,
                        false,
                        false,
                        false,
                        false,
                        false,
                        false,
                        false
                    ],
                    "site_config": [
                        {
                            "cors": [
                                {
                                    "allowed_origins": []
                                }
                            ],
                            "default_documents": [],
                            "ip_restriction": [],
                            "scm_ip_restriction": []
                        }
                    ],
                    "site_credential": [
                        {}
                    ],
                    "source_control": [
                        {}
                    ],
                    "storage_account": [],
                    "tags": {}
                }
            }
        }
    ],
    "resource_changes": [
        {
            "address": "azurerm_app_service.webapp",
            "mode": "managed",
            "type": "azurerm_app_service",
            "name": "webapp",
            "provider_name": "registry.terraform.io/hashicorp/azurerm",
            "change": {
                "actions": [
                    "delete",
                    "create"
                ],
                "before": {
                    "app_service_plan_id": "/subscriptions/61375121-a3cf-40d6-be22-0d1039870663/resourceGroups/My_Terraform_RG/providers/Microsoft.Web/serverFarms/my-appserviceplan",
                    "app_settings": {
                        "SOME_KEY": "some-value"
                    },
                    "auth_settings": [
                        {
                            "active_directory": [],
                            "additional_login_params": {},
                            "allowed_external_redirect_urls": [],
                            "default_provider": "",
                            "enabled": false,
                            "facebook": [],
                            "google": [],
                            "issuer": "",
                            "microsoft": [],
                            "runtime_version": "",
                            "token_refresh_extension_hours": 0,
                            "token_store_enabled": false,
                            "twitter": [],
                            "unauthenticated_client_action": ""
                        }
                    ],
                    "backup": [],
                    "client_affinity_enabled": false,
                    "client_cert_enabled": false,
                    "client_cert_mode": "Required",
                    "connection_string": [
                        {
                            "name": "Database",
                            "type": "SQLServer",
                            "value": "Server=some-server.mydomain.com;Integrated Security=SSPI"
                        }
                    ],
                    "custom_domain_verification_id": "A413CCDCDBCFE5051ABB370D0BF35DD31C5FF4C2814EF09A6421D94A76961E92",
                    "default_site_hostname": "terraform-demo-mel.azurewebsites.net",
                    "enabled": true,
                    "https_only": false,
                    "id": "/subscriptions/61375121-a3cf-40d6-be22-0d1039870663/resourceGroups/My_Terraform_RG/providers/Microsoft.Web/sites/terraform-demo-mel",
                    "identity": [],
                    "key_vault_reference_identity_id": "SystemAssigned",
                    "location": "westeurope",
                    "logs": [
                        {
                            "application_logs": [
                                {
                                    "azure_blob_storage": [],
                                    "file_system_level": "Off"
                                }
                            ],
                            "detailed_error_messages_enabled": false,
                            "failed_request_tracing_enabled": false,
                            "http_logs": [
                                {
                                    "azure_blob_storage": [],
                                    "file_system": []
                                }
                            ]
                        }
                    ],
                    "name": "terraform-demo-mel",
                    "outbound_ip_address_list": [
                        "20.71.75.100",
                        "20.71.75.133",
                        "20.71.75.198",
                        "20.71.75.237",
                        "20.71.76.1",
                        "20.71.76.23",
                        "20.50.2.26"
                    ],
                    "outbound_ip_addresses": "20.71.75.100,20.71.75.133,20.71.75.198,20.71.75.237,20.71.76.1,20.71.76.23,20.50.2.26",
                    "possible_outbound_ip_address_list": [
                        "20.71.75.100",
                        "20.71.75.133",
                        "20.71.75.198",
                        "20.71.75.237",
                        "20.71.76.1",
                        "20.71.76.23",
                        "20.71.76.57",
                        "20.71.76.171",
                        "20.71.76.196",
                        "20.71.77.10",
                        "20.71.77.83",
                        "20.71.77.134",
                        "20.71.77.205",
                        "20.71.78.20",
                        "20.71.78.208",
                        "20.71.78.243",
                        "20.71.79.77",
                        "20.71.79.165",
                        "20.71.79.228",
                        "20.73.232.14",
                        "20.73.232.51",
                        "20.73.232.121",
                        "20.73.232.130",
                        "20.73.232.163",
                        "20.73.232.186",
                        "20.73.232.217",
                        "20.73.232.241",
                        "20.73.132.133",
                        "20.73.132.167",
                        "20.73.133.173",
                        "20.50.2.26"
                    ],
                    "possible_outbound_ip_addresses": "20.71.75.100,20.71.75.133,20.71.75.198,20.71.75.237,20.71.76.1,20.71.76.23,20.71.76.57,20.71.76.171,20.71.76.196,20.71.77.10,20.71.77.83,20.71.77.134,20.71.77.205,20.71.78.20,20.71.78.208,20.71.78.243,20.71.79.77,20.71.79.165,20.71.79.228,20.73.232.14,20.73.232.51,20.73.232.121,20.73.232.130,20.73.232.163,20.73.232.186,20.73.232.217,20.73.232.241,20.73.132.133,20.73.132.167,20.73.133.173,20.50.2.26",
                    "resource_group_name": "My_Terraform_RG",
                    "site_config": [
                        {
                            "acr_use_managed_identity_credentials": false,
                            "acr_user_managed_identity_client_id": "",
                            "always_on": false,
                            "app_command_line": "",
                            "auto_swap_slot_name": "",
                            "cors": [
                                {
                                    "allowed_origins": [],
                                    "support_credentials": false
                                }
                            ],
                            "default_documents": [],
                            "dotnet_framework_version": "v4.0",
                            "ftps_state": "FtpsOnly",
                            "health_check_path": "",
                            "http2_enabled": false,
                            "ip_restriction": [],
                            "java_container": "",
                            "java_container_version": "",
                            "java_version": "",
                            "linux_fx_version": "",
                            "local_mysql_enabled": false,
                            "managed_pipeline_mode": "Integrated",
                            "min_tls_version": "1.2",
                            "number_of_workers": 1,
                            "php_version": "",
                            "python_version": "",
                            "remote_debugging_enabled": false,
                            "remote_debugging_version": "VS2022",
                            "scm_ip_restriction": [],
                            "scm_type": "LocalGit",
                            "scm_use_main_ip_restriction": false,
                            "use_32_bit_worker_process": false,
                            "vnet_route_all_enabled": false,
                            "websockets_enabled": false,
                            "windows_fx_version": ""
                        }
                    ],
                    "site_credential": [
                        {
                            "password": "oLzMlfaAkR5dEvpcb0x827XvZiWjhlAKlQRes5jWkpND4fZdHBuEuBeuPe1Q",
                            "username": "$terraform-demo-mel"
                        }
                    ],
                    "source_control": [
                        {
                            "branch": "main",
                            "manual_integration": false,
                            "repo_url": "https://terraform-demo-mel.scm.azurewebsites.net",
                            "rollback_enabled": false,
                            "use_mercurial": false
                        }
                    ],
                    "storage_account": [],
                    "tags": {},
                    "timeouts": null
                },
                "after": {
                    "app_service_plan_id": "/subscriptions/61375121-a3cf-40d6-be22-0d1039870663/resourceGroups/My_Terraform_RG/providers/Microsoft.Web/serverFarms/my-appserviceplan",
                    "app_settings": {
                        "SOME_KEY": "some-value"
                    },
                    "backup": [],
                    "client_affinity_enabled": false,
                    "client_cert_enabled": false,
                    "connection_string": [
                        {
                            "name": "Database",
                            "type": "SQLServer",
                            "value": "Server=some-server.mydomain.com;Integrated Security=SSPI"
                        }
                    ],
                    "enabled": true,
                    "https_only": false,
                    "identity": [],
                    "location": "westeurope",
                    "name": "terraform-demo-mel-01",
                    "resource_group_name": "My_Terraform_RG",
                    "site_config": [
                        {
                            "acr_use_managed_identity_credentials": false,
                            "acr_user_managed_identity_client_id": null,
                            "always_on": false,
                            "app_command_line": null,
                            "auto_swap_slot_name": null,
                            "default_documents": null,
                            "dotnet_framework_version": "v4.0",
                            "health_check_path": null,
                            "http2_enabled": false,
                            "java_container": null,
                            "java_container_version": null,
                            "java_version": null,
                            "php_version": null,
                            "python_version": null,
                            "remote_debugging_enabled": false,
                            "scm_type": "LocalGit",
                            "scm_use_main_ip_restriction": false,
                            "use_32_bit_worker_process": null
                        }
                    ],
                    "tags": null,
                    "timeouts": null
                },
                "after_unknown": {
                    "app_settings": {},
                    "auth_settings": true,
                    "backup": [],
                    "client_cert_mode": true,
                    "connection_string": [
                        {}
                    ],
                    "custom_domain_verification_id": true,
                    "default_site_hostname": true,
                    "id": true,
                    "identity": [],
                    "key_vault_reference_identity_id": true,
                    "logs": true,
                    "outbound_ip_address_list": true,
                    "outbound_ip_addresses": true,
                    "possible_outbound_ip_address_list": true,
                    "possible_outbound_ip_addresses": true,
                    "site_config": [
                        {
                            "cors": true,
                            "ftps_state": true,
                            "ip_restriction": true,
                            "linux_fx_version": true,
                            "local_mysql_enabled": true,
                            "managed_pipeline_mode": true,
                            "min_tls_version": true,
                            "number_of_workers": true,
                            "remote_debugging_version": true,
                            "scm_ip_restriction": true,
                            "vnet_route_all_enabled": true,
                            "websockets_enabled": true,
                            "windows_fx_version": true
                        }
                    ],
                    "site_credential": true,
                    "source_control": true,
                    "storage_account": true
                },
                "before_sensitive": {
                    "app_settings": {},
                    "auth_settings": [
                        {
                            "active_directory": [],
                            "additional_login_params": {},
                            "allowed_external_redirect_urls": [],
                            "facebook": [],
                            "google": [],
                            "microsoft": [],
                            "twitter": []
                        }
                    ],
                    "backup": [],
                    "connection_string": true,
                    "identity": [],
                    "logs": [
                        {
                            "application_logs": [
                                {
                                    "azure_blob_storage": []
                                }
                            ],
                            "http_logs": [
                                {
                                    "azure_blob_storage": [],
                                    "file_system": []
                                }
                            ]
                        }
                    ],
                    "outbound_ip_address_list": [
                        false,
                        false,
                        false,
                        false,
                        false,
                        false,
                        false
                    ],
                    "possible_outbound_ip_address_list": [
                        false,
                        false,
                        false,
                        false,
                        false,
                        false,
                        false,
                        false,
                        false,
                        false,
                        false,
                        false,
                        false,
                        false,
                        false,
                        false,
                        false,
                        false,
                        false,
                        false,
                        false,
                        false,
                        false,
                        false,
                        false,
                        false,
                        false,
                        false,
                        false,
                        false,
                        false
                    ],
                    "site_config": [
                        {
                            "cors": [
                                {
                                    "allowed_origins": []
                                }
                            ],
                            "default_documents": [],
                            "ip_restriction": [],
                            "scm_ip_restriction": []
                        }
                    ],
                    "site_credential": [
                        {}
                    ],
                    "source_control": [
                        {}
                    ],
                    "storage_account": [],
                    "tags": {}
                },
                "after_sensitive": {
                    "app_settings": {},
                    "auth_settings": [],
                    "backup": [],
                    "connection_string": true,
                    "identity": [],
                    "logs": [],
                    "outbound_ip_address_list": [],
                    "possible_outbound_ip_address_list": [],
                    "site_config": [
                        {
                            "cors": [],
                            "ip_restriction": [],
                            "scm_ip_restriction": []
                        }
                    ],
                    "site_credential": [],
                    "source_control": [],
                    "storage_account": []
                },
                "replace_paths": [
                    [
                        "name"
                    ]
                ]
            },
            "action_reason": "replace_because_cannot_update"
        },
        {
            "address": "azurerm_app_service_plan.app_plan",
            "mode": "managed",
            "type": "azurerm_app_service_plan",
            "name": "app_plan",
            "provider_name": "registry.terraform.io/hashicorp/azurerm",
            "change": {
                "actions": [
                    "no-op"
                ],
                "before": {
                    "app_service_environment_id": "",
                    "id": "/subscriptions/61375121-a3cf-40d6-be22-0d1039870663/resourceGroups/My_Terraform_RG/providers/Microsoft.Web/serverFarms/my-appserviceplan",
                    "is_xenon": false,
                    "kind": "Windows",
                    "location": "westeurope",
                    "maximum_elastic_worker_count": 1,
                    "maximum_number_of_workers": 10,
                    "name": "my-appserviceplan",
                    "per_site_scaling": false,
                    "reserved": false,
                    "resource_group_name": "My_Terraform_RG",
                    "sku": [
                        {
                            "capacity": 1,
                            "size": "S1",
                            "tier": "Standard"
                        }
                    ],
                    "tags": {},
                    "timeouts": null,
                    "zone_redundant": false
                },
                "after": {
                    "app_service_environment_id": "",
                    "id": "/subscriptions/61375121-a3cf-40d6-be22-0d1039870663/resourceGroups/My_Terraform_RG/providers/Microsoft.Web/serverFarms/my-appserviceplan",
                    "is_xenon": false,
                    "kind": "Windows",
                    "location": "westeurope",
                    "maximum_elastic_worker_count": 1,
                    "maximum_number_of_workers": 10,
                    "name": "my-appserviceplan",
                    "per_site_scaling": false,
                    "reserved": false,
                    "resource_group_name": "My_Terraform_RG",
                    "sku": [
                        {
                            "capacity": 1,
                            "size": "S1",
                            "tier": "Standard"
                        }
                    ],
                    "tags": {},
                    "timeouts": null,
                    "zone_redundant": false
                },
                "after_unknown": {},
                "before_sensitive": {
                    "sku": [
                        {}
                    ],
                    "tags": {}
                },
                "after_sensitive": {
                    "sku": [
                        {}
                    ],
                    "tags": {}
                }
            }
        },
        {
            "address": "azurerm_resource_group.rg",
            "mode": "managed",
            "type": "azurerm_resource_group",
            "name": "rg",
            "provider_name": "registry.terraform.io/hashicorp/azurerm",
            "change": {
                "actions": [
                    "no-op"
                ],
                "before": {
                    "id": "/subscriptions/61375121-a3cf-40d6-be22-0d1039870663/resourceGroups/My_Terraform_RG",
                    "location": "westeurope",
                    "managed_by": "",
                    "name": "My_Terraform_RG",
                    "tags": {},
                    "timeouts": null
                },
                "after": {
                    "id": "/subscriptions/61375121-a3cf-40d6-be22-0d1039870663/resourceGroups/My_Terraform_RG",
                    "location": "westeurope",
                    "managed_by": "",
                    "name": "My_Terraform_RG",
                    "tags": {},
                    "timeouts": null
                },
                "after_unknown": {},
                "before_sensitive": {
                    "tags": {}
                },
                "after_sensitive": {
                    "tags": {}
                }
            }
        }
    ],
    "output_changes": {
        "webapp_ips": {
            "actions": [
                "update"
            ],
            "before": "20.71.75.100,20.71.75.133,20.71.75.198,20.71.75.237,20.71.76.1,20.71.76.23,20.50.2.26",
            "after_unknown": true,
            "before_sensitive": false,
            "after_sensitive": false
        },
        "webapp_url": {
            "actions": [
                "update"
            ],
            "before": "terraform-demo-mel.azurewebsites.net",
            "after_unknown": true,
            "before_sensitive": false,
            "after_sensitive": false
        }
    },
    "prior_state": {
        "format_version": "1.0",
        "terraform_version": "1.9.2",
        "values": {
            "outputs": {
                "webapp_ips": {
                    "sensitive": false,
                    "value": "20.71.75.100,20.71.75.133,20.71.75.198,20.71.75.237,20.71.76.1,20.71.76.23,20.50.2.26",
                    "type": "string"
                },
                "webapp_url": {
                    "sensitive": false,
                    "value": "terraform-demo-mel.azurewebsites.net",
                    "type": "string"
                }
            },
            "root_module": {
                "resources": [
                    {
                        "address": "azurerm_app_service.webapp",
                        "mode": "managed",
                        "type": "azurerm_app_service",
                        "name": "webapp",
                        "provider_name": "registry.terraform.io/hashicorp/azurerm",
                        "schema_version": 0,
                        "values": {
                            "app_service_plan_id": "/subscriptions/61375121-a3cf-40d6-be22-0d1039870663/resourceGroups/My_Terraform_RG/providers/Microsoft.Web/serverFarms/my-appserviceplan",
                            "app_settings": {
                                "SOME_KEY": "some-value"
                            },
                            "auth_settings": [
                                {
                                    "active_directory": [],
                                    "additional_login_params": {},
                                    "allowed_external_redirect_urls": [],
                                    "default_provider": "",
                                    "enabled": false,
                                    "facebook": [],
                                    "google": [],
                                    "issuer": "",
                                    "microsoft": [],
                                    "runtime_version": "",
                                    "token_refresh_extension_hours": 0,
                                    "token_store_enabled": false,
                                    "twitter": [],
                                    "unauthenticated_client_action": ""
                                }
                            ],
                            "backup": [],
                            "client_affinity_enabled": false,
                            "client_cert_enabled": false,
                            "client_cert_mode": "Required",
                            "connection_string": [
                                {
                                    "name": "Database",
                                    "type": "SQLServer",
                                    "value": "Server=some-server.mydomain.com;Integrated Security=SSPI"
                                }
                            ],
                            "custom_domain_verification_id": "A413CCDCDBCFE5051ABB370D0BF35DD31C5FF4C2814EF09A6421D94A76961E92",
                            "default_site_hostname": "terraform-demo-mel.azurewebsites.net",
                            "enabled": true,
                            "https_only": false,
                            "id": "/subscriptions/61375121-a3cf-40d6-be22-0d1039870663/resourceGroups/My_Terraform_RG/providers/Microsoft.Web/sites/terraform-demo-mel",
                            "identity": [],
                            "key_vault_reference_identity_id": "SystemAssigned",
                            "location": "westeurope",
                            "logs": [
                                {
                                    "application_logs": [
                                        {
                                            "azure_blob_storage": [],
                                            "file_system_level": "Off"
                                        }
                                    ],
                                    "detailed_error_messages_enabled": false,
                                    "failed_request_tracing_enabled": false,
                                    "http_logs": [
                                        {
                                            "azure_blob_storage": [],
                                            "file_system": []
                                        }
                                    ]
                                }
                            ],
                            "name": "terraform-demo-mel",
                            "outbound_ip_address_list": [
                                "20.71.75.100",
                                "20.71.75.133",
                                "20.71.75.198",
                                "20.71.75.237",
                                "20.71.76.1",
                                "20.71.76.23",
                                "20.50.2.26"
                            ],
                            "outbound_ip_addresses": "20.71.75.100,20.71.75.133,20.71.75.198,20.71.75.237,20.71.76.1,20.71.76.23,20.50.2.26",
                            "possible_outbound_ip_address_list": [
                                "20.71.75.100",
                                "20.71.75.133",
                                "20.71.75.198",
                                "20.71.75.237",
                                "20.71.76.1",
                                "20.71.76.23",
                                "20.71.76.57",
                                "20.71.76.171",
                                "20.71.76.196",
                                "20.71.77.10",
                                "20.71.77.83",
                                "20.71.77.134",
                                "20.71.77.205",
                                "20.71.78.20",
                                "20.71.78.208",
                                "20.71.78.243",
                                "20.71.79.77",
                                "20.71.79.165",
                                "20.71.79.228",
                                "20.73.232.14",
                                "20.73.232.51",
                                "20.73.232.121",
                                "20.73.232.130",
                                "20.73.232.163",
                                "20.73.232.186",
                                "20.73.232.217",
                                "20.73.232.241",
                                "20.73.132.133",
                                "20.73.132.167",
                                "20.73.133.173",
                                "20.50.2.26"
                            ],
                            "possible_outbound_ip_addresses": "20.71.75.100,20.71.75.133,20.71.75.198,20.71.75.237,20.71.76.1,20.71.76.23,20.71.76.57,20.71.76.171,20.71.76.196,20.71.77.10,20.71.77.83,20.71.77.134,20.71.77.205,20.71.78.20,20.71.78.208,20.71.78.243,20.71.79.77,20.71.79.165,20.71.79.228,20.73.232.14,20.73.232.51,20.73.232.121,20.73.232.130,20.73.232.163,20.73.232.186,20.73.232.217,20.73.232.241,20.73.132.133,20.73.132.167,20.73.133.173,20.50.2.26",
                            "resource_group_name": "My_Terraform_RG",
                            "site_config": [
                                {
                                    "acr_use_managed_identity_credentials": false,
                                    "acr_user_managed_identity_client_id": "",
                                    "always_on": false,
                                    "app_command_line": "",
                                    "auto_swap_slot_name": "",
                                    "cors": [
                                        {
                                            "allowed_origins": [],
                                            "support_credentials": false
                                        }
                                    ],
                                    "default_documents": [],
                                    "dotnet_framework_version": "v4.0",
                                    "ftps_state": "FtpsOnly",
                                    "health_check_path": "",
                                    "http2_enabled": false,
                                    "ip_restriction": [],
                                    "java_container": "",
                                    "java_container_version": "",
                                    "java_version": "",
                                    "linux_fx_version": "",
                                    "local_mysql_enabled": false,
                                    "managed_pipeline_mode": "Integrated",
                                    "min_tls_version": "1.2",
                                    "number_of_workers": 1,
                                    "php_version": "",
                                    "python_version": "",
                                    "remote_debugging_enabled": false,
                                    "remote_debugging_version": "VS2022",
                                    "scm_ip_restriction": [],
                                    "scm_type": "LocalGit",
                                    "scm_use_main_ip_restriction": false,
                                    "use_32_bit_worker_process": false,
                                    "vnet_route_all_enabled": false,
                                    "websockets_enabled": false,
                                    "windows_fx_version": ""
                                }
                            ],
                            "site_credential": [
                                {
                                    "password": "oLzMlfaAkR5dEvpcb0x827XvZiWjhlAKlQRes5jWkpND4fZdHBuEuBeuPe1Q",
                                    "username": "$terraform-demo-mel"
                                }
                            ],
                            "source_control": [
                                {
                                    "branch": "main",
                                    "manual_integration": false,
                                    "repo_url": "https://terraform-demo-mel.scm.azurewebsites.net",
                                    "rollback_enabled": false,
                                    "use_mercurial": false
                                }
                            ],
                            "storage_account": [],
                            "tags": {},
                            "timeouts": null
                        },
                        "sensitive_values": {
                            "app_settings": {},
                            "auth_settings": [
                                {
                                    "active_directory": [],
                                    "additional_login_params": {},
                                    "allowed_external_redirect_urls": [],
                                    "facebook": [],
                                    "google": [],
                                    "microsoft": [],
                                    "twitter": []
                                }
                            ],
                            "backup": [],
                            "connection_string": true,
                            "identity": [],
                            "logs": [
                                {
                                    "application_logs": [
                                        {
                                            "azure_blob_storage": []
                                        }
                                    ],
                                    "http_logs": [
                                        {
                                            "azure_blob_storage": [],
                                            "file_system": []
                                        }
                                    ]
                                }
                            ],
                            "outbound_ip_address_list": [
                                false,
                                false,
                                false,
                                false,
                                false,
                                false,
                                false
                            ],
                            "possible_outbound_ip_address_list": [
                                false,
                                false,
                                false,
                                false,
                                false,
                                false,
                                false,
                                false,
                                false,
                                false,
                                false,
                                false,
                                false,
                                false,
                                false,
                                false,
                                false,
                                false,
                                false,
                                false,
                                false,
                                false,
                                false,
                                false,
                                false,
                                false,
                                false,
                                false,
                                false,
                                false,
                                false
                            ],
                            "site_config": [
                                {
                                    "cors": [
                                        {
                                            "allowed_origins": []
                                        }
                                    ],
                                    "default_documents": [],
                                    "ip_restriction": [],
                                    "scm_ip_restriction": []
                                }
                            ],
                            "site_credential": [
                                {}
                            ],
                            "source_control": [
                                {}
                            ],
                            "storage_account": [],
                            "tags": {}
                        },
                        "depends_on": [
                            "azurerm_app_service_plan.app_plan",
                            "azurerm_resource_group.rg"
                        ]
                    },
                    {
                        "address": "azurerm_app_service_plan.app_plan",
                        "mode": "managed",
                        "type": "azurerm_app_service_plan",
                        "name": "app_plan",
                        "provider_name": "registry.terraform.io/hashicorp/azurerm",
                        "schema_version": 1,
                        "values": {
                            "app_service_environment_id": "",
                            "id": "/subscriptions/61375121-a3cf-40d6-be22-0d1039870663/resourceGroups/My_Terraform_RG/providers/Microsoft.Web/serverFarms/my-appserviceplan",
                            "is_xenon": false,
                            "kind": "Windows",
                            "location": "westeurope",
                            "maximum_elastic_worker_count": 1,
                            "maximum_number_of_workers": 10,
                            "name": "my-appserviceplan",
                            "per_site_scaling": false,
                            "reserved": false,
                            "resource_group_name": "My_Terraform_RG",
                            "sku": [
                                {
                                    "capacity": 1,
                                    "size": "S1",
                                    "tier": "Standard"
                                }
                            ],
                            "tags": {},
                            "timeouts": null,
                            "zone_redundant": false
                        },
                        "sensitive_values": {
                            "sku": [
                                {}
                            ],
                            "tags": {}
                        },
                        "depends_on": [
                            "azurerm_resource_group.rg"
                        ]
                    },
                    {
                        "address": "azurerm_resource_group.rg",
                        "mode": "managed",
                        "type": "azurerm_resource_group",
                        "name": "rg",
                        "provider_name": "registry.terraform.io/hashicorp/azurerm",
                        "schema_version": 0,
                        "values": {
                            "id": "/subscriptions/61375121-a3cf-40d6-be22-0d1039870663/resourceGroups/My_Terraform_RG",
                            "location": "westeurope",
                            "managed_by": "",
                            "name": "My_Terraform_RG",
                            "tags": {},
                            "timeouts": null
                        },
                        "sensitive_values": {
                            "tags": {}
                        }
                    }
                ]
            }
        }
    },
    "configuration": {
        "provider_config": {
            "azurerm": {
                "name": "azurerm",
                "full_name": "registry.terraform.io/hashicorp/azurerm",
                "version_constraint": "4.0.1",
                "expressions": {
                    "features": [
                        {}
                    ],
                    "subscription_id": {
                        "constant_value": "61375121-a3cf-40d6-be22-0d1039870663"
                    }
                }
            }
        },
        "root_module": {
            "outputs": {
                "webapp_ips": {
                    "expression": {
                        "references": [
                            "azurerm_app_service.webapp.outbound_ip_addresses",
                            "azurerm_app_service.webapp"
                        ]
                    }
                },
                "webapp_url": {
                    "expression": {
                        "references": [
                            "azurerm_app_service.webapp.default_site_hostname",
                            "azurerm_app_service.webapp"
                        ]
                    }
                }
            },
            "resources": [
                {
                    "address": "azurerm_app_service.webapp",
                    "mode": "managed",
                    "type": "azurerm_app_service",
                    "name": "webapp",
                    "provider_config_key": "azurerm",
                    "expressions": {
                        "app_service_plan_id": {
                            "references": [
                                "azurerm_app_service_plan.app_plan.id",
                                "azurerm_app_service_plan.app_plan"
                            ]
                        },
                        "app_settings": {
                            "constant_value": {
                                "SOME_KEY": "some-value"
                            }
                        },
                        "connection_string": [
                            {
                                "name": {
                                    "constant_value": "Database"
                                },
                                "type": {
                                    "constant_value": "SQLServer"
                                },
                                "value": {
                                    "constant_value": "Server=some-server.mydomain.com;Integrated Security=SSPI"
                                }
                            }
                        ],
                        "location": {
                            "references": [
                                "azurerm_resource_group.rg.location",
                                "azurerm_resource_group.rg"
                            ]
                        },
                        "name": {
                            "references": [
                                "var.app_service_name"
                            ]
                        },
                        "resource_group_name": {
                            "references": [
                                "azurerm_resource_group.rg.name",
                                "azurerm_resource_group.rg"
                            ]
                        },
                        "site_config": [
                            {
                                "dotnet_framework_version": {
                                    "constant_value": "v4.0"
                                },
                                "scm_type": {
                                    "constant_value": "LocalGit"
                                }
                            }
                        ]
                    },
                    "schema_version": 0
                },
                {
                    "address": "azurerm_app_service_plan.app_plan",
                    "mode": "managed",
                    "type": "azurerm_app_service_plan",
                    "name": "app_plan",
                    "provider_config_key": "azurerm",
                    "expressions": {
                        "location": {
                            "references": [
                                "azurerm_resource_group.rg.location",
                                "azurerm_resource_group.rg"
                            ]
                        },
                        "name": {
                            "references": [
                                "var.app_service_plan_name"
                            ]
                        },
                        "resource_group_name": {
                            "references": [
                                "azurerm_resource_group.rg.name",
                                "azurerm_resource_group.rg"
                            ]
                        },
                        "sku": [
                            {
                                "size": {
                                    "constant_value": "S1"
                                },
                                "tier": {
                                    "constant_value": "Standard"
                                }
                            }
                        ]
                    },
                    "schema_version": 1
                },
                {
                    "address": "azurerm_resource_group.rg",
                    "mode": "managed",
                    "type": "azurerm_resource_group",
                    "name": "rg",
                    "provider_config_key": "azurerm",
                    "expressions": {
                        "location": {
                            "references": [
                                "var.resource_group_location"
                            ]
                        },
                        "name": {
                            "references": [
                                "var.resource_group_name"
                            ]
                        }
                    },
                    "schema_version": 0
                }
            ],
            "variables": {
                "app_service_name": {
                    "description": "App Service name in Azure"
                },
                "app_service_plan_name": {
                    "description": "App Service Plan name in Azure"
                },
                "resource_group_location": {
                    "description": "RG location in Azure"
                },
                "resource_group_name": {
                    "description": "RG name in Azure"
                }
            }
        }
    },
    "relevant_attributes": [
        {
            "resource": "azurerm_resource_group.rg",
            "attribute": [
                "location"
            ]
        },
        {
            "resource": "azurerm_app_service_plan.app_plan",
            "attribute": [
                "id"
            ]
        },
        {
            "resource": "azurerm_resource_group.rg",
            "attribute": [
                "name"
            ]
        },
        {
            "resource": "azurerm_app_service.webapp",
            "attribute": [
                "outbound_ip_addresses"
            ]
        },
        {
            "resource": "azurerm_app_service.webapp",
            "attribute": [
                "default_site_hostname"
            ]
        }
    ],
    "timestamp": "2024-08-28T14:18:31Z",
    "applyable": true,
    "complete": true,
    "errored": false
}